{
  "name": "laundryku-master",
  "version": "1.0.0",
  "lockfileVersion": 3,
  "requires": true,
  "packages": {
    "": {
      "name": "laundryku-master",
      "version": "1.0.0",
      "license": "ISC",
      "dependencies": {
        "uikit": "^3.23.0"
      }
    },
    "node_modules/uikit": {
      "version": "3.23.0",
      "resolved": "https://registry.npmjs.org/uikit/-/uikit-3.23.0.tgz",
      "integrity": "sha512-8lPL2pzmtvDga1wVnHOKpyG1vL1d68hSYLwu7eHmtY0s+1h6v/J+f9vKvW9EBW5mRbyirOanq+4DgE0ybcDemw==",
      "license": "MIT"
    }
  }
}
